<?xml version="1.0" encoding="utf-8"?>
<Project ToolsVersion="4.0" xmlns="http://schemas.microsoft.com/developer/msbuild/2003">
  <ItemGroup>
    <Filter Include="Source Files">
      <UniqueIdentifier>{4FC737F1-C7A5-4376-A066-2A32D752A2FF}</UniqueIdentifier>
      <Extensions>cpp;c;cc;cxx;def;odl;idl;hpj;bat;asm;asmx</Extensions>
    </Filter>
    <Filter Include="Header Files">
      <UniqueIdentifier>{93995380-89BD-4b04-88EB-625FBE52EBFB}</UniqueIdentifier>
      <Extensions>h;hpp;hxx;hm;inl;inc;xsd</Extensions>
    </Filter>
    <Filter Include="Resource Files">
      <UniqueIdentifier>{67DA6AB6-F800-4c08-8B7A-83BB121AAD01}</UniqueIdentifier>
      <Extensions>rc;ico;cur;bmp;dlg;rc2;rct;bin;rgs;gif;jpg;jpeg;jpe;resx;tiff;tif;png;wav;mfcribbon-ms</Extensions>
    </Filter>
  </ItemGroup>
  <ItemGroup>
    <ClInclude Include="..\include\aabbox.h">
      <Filter>Header Files</Filter>
    </ClInclude>
    <ClInclude Include="..\include\color.h">
      <Filter>Header Files</Filter>
    </ClInclude>
    <ClInclude Include="..\include\constants.h">
      <Filter>Header Files</Filter>
    </ClInclude>
    <ClInclude Include="..\include\image.h">
      <Filter>Header Files</Filter>
    </ClInclude>
    <ClInclude Include="..\include\line3d.h">
      <Filter>Header Files</Filter>
    </ClInclude>
    <ClInclude Include="..\include\matrix.h">
      <Filter>Header Files</Filter>
    </ClInclude>
    <ClInclude Include="..\include\mesh.h">
      <Filter>Header Files</Filter>
    </ClInclude>
    <ClInclude Include="..\include\num_util.h">
      <Filter>Header Files</Filter>
    </ClInclude>
    <ClInclude Include="..\include\quaternion.h">
      <Filter>Header Files</Filter>
    </ClInclude>
    <ClInclude Include="..\include\rect.h">
      <Filter>Header Files</Filter>
    </ClInclude>
    <ClInclude Include="..\include\str_util.h">
      <Filter>Header Files</Filter>
    </ClInclude>
    <ClInclude Include="..\include\vec2.h">
      <Filter>Header Files</Filter>
    </ClInclude>
    <ClInclude Include="..\include\vec3.h">
      <Filter>Header Files</Filter>
    </ClInclude>
    <ClInclude Include="..\include\vertex.h">
      <Filter>Header Files</Filter>
    </ClInclude>
    <ClInclude Include="..\include\BiPatch\Vector.h">
      <Filter>Header Files</Filter>
    </ClInclude>
    <ClInclude Include="..\include\BiPatch\bilinear.h">
      <Filter>Header Files</Filter>
    </ClInclude>
    <ClInclude Include="..\include\vec4.h">
      <Filter>Header Files</Filter>
    </ClInclude>
    <ClInclude Include="..\include\plane.h">
      <Filter>Header Files</Filter>
    </ClInclude>
    <ClInclude Include="..\include\frustum.h">
      <Filter>Header Files</Filter>
    </ClInclude>
  </ItemGroup>
  <ItemGroup>
    <ClCompile Include="..\source\image.cpp">
      <Filter>Source Files</Filter>
    </ClCompile>
    <ClCompile Include="..\source\str_util.cpp">
      <Filter>Source Files</Filter>
    </ClCompile>
    <ClCompile Include="..\source\bilinear.cpp">
      <Filter>Source Files</Filter>
    </ClCompile>
    <ClCompile Include="..\source\Vector.cpp">
      <Filter>Source Files</Filter>
    </ClCompile>
  </ItemGroup>
</Project>